
Microsoft Visual Studio Solution File, Format Version 12.00
# Visual Studio 2012
Project("{FAE04EC0-301F-11D3-BF4B-00C04F79EFBC}") = "SCompiler", "SCompiler\SCompiler.csproj", "{B5797365-C620-4137-A0FC-9294527AF2C5}"
EndProject
Project("{FAE04EC0-301F-11D3-BF4B-00C04F79EFBC}") = "FrontEnd", "FrontEnd\FrontEnd.csproj", "{6C766894-D774-47FE-9A8C-7C36A376328E}"
EndProject
Project("{FAE04EC0-301F-11D3-BF4B-00C04F79EFBC}") = "UnitTest", "UnitTest\UnitTest.csproj", "{EB53DC67-CD86-4654-8F0F-0FE5D0B1FC26}"
EndProject
Global
	GlobalSection(SolutionConfigurationPlatforms) = preSolution
		Debug|Any CPU = Debug|Any CPU
		Release|Any CPU = Release|Any CPU
	EndGlobalSection
	GlobalSection(ProjectConfigurationPlatforms) = postSolution
		{B5797365-C620-4137-A0FC-9294527AF2C5}.Debug|Any CPU.ActiveCfg = Debug|Any CPU
		{B5797365-C620-4137-A0FC-9294527AF2C5}.Debug|Any CPU.Build.0 = Debug|Any CPU
		{B5797365-C620-4137-A0FC-9294527AF2C5}.Release|Any CPU.ActiveCfg = Release|Any CPU
		{B5797365-C620-4137-A0FC-9294527AF2C5}.Release|Any CPU.Build.0 = Release|Any CPU
		{6C766894-D774-47FE-9A8C-7C36A376328E}.Debug|Any CPU.ActiveCfg = Debug|Any CPU
		{6C766894-D774-47FE-9A8C-7C36A376328E}.Debug|Any CPU.Build.0 = Debug|Any CPU
		{6C766894-D774-47FE-9A8C-7C36A376328E}.Release|Any CPU.ActiveCfg = Release|Any CPU
		{6C766894-D774-47FE-9A8C-7C36A376328E}.Release|Any CPU.Build.0 = Release|Any CPU
		{EB53DC67-CD86-4654-8F0F-0FE5D0B1FC26}.Debug|Any CPU.ActiveCfg = Debug|Any CPU
		{EB53DC67-CD86-4654-8F0F-0FE5D0B1FC26}.Debug|Any CPU.Build.0 = Debug|Any CPU
		{EB53DC67-CD86-4654-8F0F-0FE5D0B1FC26}.Release|Any CPU.ActiveCfg = Release|Any CPU
		{EB53DC67-CD86-4654-8F0F-0FE5D0B1FC26}.Release|Any CPU.Build.0 = Release|Any CPU
	EndGlobalSection
	GlobalSection(SolutionProperties) = preSolution
		HideSolutionNode = FALSE
	EndGlobalSection
EndGlobal
